{
  "name": "campus_help",
  "version": "1.0.0",
  "lockfileVersion": 1,
  "requires": true,
  "dependencies": {
    "flow-bin": {
      "version": "0.123.0",
      "resolved": "https://registry.npmjs.org/flow-bin/-/flow-bin-0.123.0.tgz",
      "integrity": "sha512-Ylcf8YDIM/KrqtxkPuq+f8O+6sdYA2Nuz5f+sWHlp539DatZz3YMcsO1EiXaf1C11HJgpT/3YGYe7xZ9/UZmvQ=="
    },
    "weui-miniprogram": {
      "version": "0.2.1",
      "resolved": "https://registry.npmjs.org/weui-miniprogram/-/weui-miniprogram-0.2.1.tgz",
      "integrity": "sha512-Of/r4QwmlzMwvpW9BQHcL/KW3WV5kw+7yxCFSob3UIqMpwLxKHuBrQajuCVkM3CbqxIpc0XWyDYnpCWk3VkLYg=="
    }
  }
}
